
Microsoft Visual Studio Solution File, Format Version 12.00
# Visual Studio 14
VisualStudioVersion = 14.0.25420.1
MinimumVisualStudioVersion = 10.0.40219.1
Project("{FAE04EC0-301F-11D3-BF4B-00C04F79EFBC}") = "ArmyOfCreatures", "ArmyOfCreatures\ArmyOfCreatures.csproj", "{BB52E531-9691-46AF-9ED3-0EC7B011FBEC}"
EndProject
Project("{FAE04EC0-301F-11D3-BF4B-00C04F79EFBC}") = "ArmyOfCreatures.Test", "ArmyOfCreatures.Test\ArmyOfCreatures.Test.csproj", "{8D49573F-EB28-44E1-A1F3-21F4637EB534}"
EndProject
Project("{FAE04EC0-301F-11D3-BF4B-00C04F79EFBC}") = "ArmyOfCreatures.Tests2", "ArmyOfCreatures.Tests2\ArmyOfCreatures.Tests2.csproj", "{A3B490B3-44AE-415B-BE88-637172E8BE7C}"
EndProject
Global
	GlobalSection(SolutionConfigurationPlatforms) = preSolution
		Debug|Any CPU = Debug|Any CPU
		Release|Any CPU = Release|Any CPU
	EndGlobalSection
	GlobalSection(ProjectConfigurationPlatforms) = postSolution
		{BB52E531-9691-46AF-9ED3-0EC7B011FBEC}.Debug|Any CPU.ActiveCfg = Debug|Any CPU
		{BB52E531-9691-46AF-9ED3-0EC7B011FBEC}.Debug|Any CPU.Build.0 = Debug|Any CPU
		{BB52E531-9691-46AF-9ED3-0EC7B011FBEC}.Release|Any CPU.ActiveCfg = Release|Any CPU
		{BB52E531-9691-46AF-9ED3-0EC7B011FBEC}.Release|Any CPU.Build.0 = Release|Any CPU
		{8D49573F-EB28-44E1-A1F3-21F4637EB534}.Debug|Any CPU.ActiveCfg = Debug|Any CPU
		{8D49573F-EB28-44E1-A1F3-21F4637EB534}.Debug|Any CPU.Build.0 = Debug|Any CPU
		{8D49573F-EB28-44E1-A1F3-21F4637EB534}.Release|Any CPU.ActiveCfg = Release|Any CPU
		{8D49573F-EB28-44E1-A1F3-21F4637EB534}.Release|Any CPU.Build.0 = Release|Any CPU
		{A3B490B3-44AE-415B-BE88-637172E8BE7C}.Debug|Any CPU.ActiveCfg = Debug|Any CPU
		{A3B490B3-44AE-415B-BE88-637172E8BE7C}.Debug|Any CPU.Build.0 = Debug|Any CPU
		{A3B490B3-44AE-415B-BE88-637172E8BE7C}.Release|Any CPU.ActiveCfg = Release|Any CPU
		{A3B490B3-44AE-415B-BE88-637172E8BE7C}.Release|Any CPU.Build.0 = Release|Any CPU
	EndGlobalSection
	GlobalSection(SolutionProperties) = preSolution
		HideSolutionNode = FALSE
	EndGlobalSection
EndGlobal
