
Microsoft Visual Studio Solution File, Format Version 12.00
# Visual Studio 2013
VisualStudioVersion = 12.0.31101.0
MinimumVisualStudioVersion = 10.0.40219.1
Project("{FAE04EC0-301F-11D3-BF4B-00C04F79EFBC}") = "07.QuotesInString", "07.QuotesInString\07.QuotesInString.csproj", "{C3868739-01C9-4FAE-9D60-9592FDF418A6}"
EndProject
Project("{FAE04EC0-301F-11D3-BF4B-00C04F79EFBC}") = "13.ComparingFloats", "13.ComparingFloats\13.ComparingFloats.csproj", "{68FB0852-6E95-469E-A6FD-EAFF66C0E5A2}"
EndProject
Project("{FAE04EC0-301F-11D3-BF4B-00C04F79EFBC}") = "14.PrintTheASCIITable", "14.PrintTheASCIITable\14.PrintTheASCIITable.csproj", "{264CB1D8-70C4-4526-8DCF-27EA10684059}"
EndProject
Global
	GlobalSection(SolutionConfigurationPlatforms) = preSolution
		Debug|Any CPU = Debug|Any CPU
		Release|Any CPU = Release|Any CPU
	EndGlobalSection
	GlobalSection(ProjectConfigurationPlatforms) = postSolution
		{C3868739-01C9-4FAE-9D60-9592FDF418A6}.Debug|Any CPU.ActiveCfg = Debug|Any CPU
		{C3868739-01C9-4FAE-9D60-9592FDF418A6}.Debug|Any CPU.Build.0 = Debug|Any CPU
		{C3868739-01C9-4FAE-9D60-9592FDF418A6}.Release|Any CPU.ActiveCfg = Release|Any CPU
		{C3868739-01C9-4FAE-9D60-9592FDF418A6}.Release|Any CPU.Build.0 = Release|Any CPU
		{68FB0852-6E95-469E-A6FD-EAFF66C0E5A2}.Debug|Any CPU.ActiveCfg = Debug|Any CPU
		{68FB0852-6E95-469E-A6FD-EAFF66C0E5A2}.Debug|Any CPU.Build.0 = Debug|Any CPU
		{68FB0852-6E95-469E-A6FD-EAFF66C0E5A2}.Release|Any CPU.ActiveCfg = Release|Any CPU
		{68FB0852-6E95-469E-A6FD-EAFF66C0E5A2}.Release|Any CPU.Build.0 = Release|Any CPU
		{264CB1D8-70C4-4526-8DCF-27EA10684059}.Debug|Any CPU.ActiveCfg = Debug|Any CPU
		{264CB1D8-70C4-4526-8DCF-27EA10684059}.Debug|Any CPU.Build.0 = Debug|Any CPU
		{264CB1D8-70C4-4526-8DCF-27EA10684059}.Release|Any CPU.ActiveCfg = Release|Any CPU
		{264CB1D8-70C4-4526-8DCF-27EA10684059}.Release|Any CPU.Build.0 = Release|Any CPU
	EndGlobalSection
	GlobalSection(SolutionProperties) = preSolution
		HideSolutionNode = FALSE
	EndGlobalSection
EndGlobal
