
Microsoft Visual Studio Solution File, Format Version 12.00
# Visual Studio 14
VisualStudioVersion = 14.0.24720.0
MinimumVisualStudioVersion = 10.0.40219.1
Project("{FAE04EC0-301F-11D3-BF4B-00C04F79EFBC}") = "01.SumOf3Numbers", "01.SumOf3Numbers\01.SumOf3Numbers.csproj", "{21998747-7E0E-40B2-83CA-7C5D6C6EE530}"
EndProject
Project("{FAE04EC0-301F-11D3-BF4B-00C04F79EFBC}") = "02.CompanyInfo", "02.CompanyInfo\02.CompanyInfo.csproj", "{DE99D3E6-6FCF-4A08-9DC7-5394A64C5184}"
EndProject
Project("{FAE04EC0-301F-11D3-BF4B-00C04F79EFBC}") = "03.Circle", "03.Circle\03.Circle.csproj", "{57B65718-4E1C-4B94-811D-2D9E027CFE45}"
EndProject
Project("{FAE04EC0-301F-11D3-BF4B-00C04F79EFBC}") = "05.NumbersComparer", "05.NumbersComparer\05.NumbersComparer.csproj", "{204EC7F6-3BEC-4284-BCD9-7C6144560409}"
EndProject
Project("{FAE04EC0-301F-11D3-BF4B-00C04F79EFBC}") = "07.SumOf5Numbers", "07.SumOf5Numbers\07.SumOf5Numbers.csproj", "{1DFB0FAF-B497-4353-84DE-341E3D3497AE}"
EndProject
Project("{FAE04EC0-301F-11D3-BF4B-00C04F79EFBC}") = "08.NumbersFrom1ToN", "08.NumbersFrom1ToN\08.NumbersFrom1ToN.csproj", "{7208BA12-E457-45CF-A373-C520A9A0F534}"
EndProject
Project("{FAE04EC0-301F-11D3-BF4B-00C04F79EFBC}") = "09.SumOfNNumbers", "09.SumOfNNumbers\09.SumOfNNumbers.csproj", "{D125DC70-7529-4433-ACD4-7FEE9BF6DA91}"
EndProject
Project("{FAE04EC0-301F-11D3-BF4B-00C04F79EFBC}") = "10.FibonacciNumbers", "10.FibonacciNumbers\10.FibonacciNumbers.csproj", "{A0365AE7-3200-431C-A421-8F61F2B161FC}"
EndProject
Project("{FAE04EC0-301F-11D3-BF4B-00C04F79EFBC}") = "11.Interval", "11.Interval\11.Interval.csproj", "{8564EBC9-2F60-4C3C-B622-43767A5F287B}"
EndProject
Project("{FAE04EC0-301F-11D3-BF4B-00C04F79EFBC}") = "06.QuadraticEquation", "06.QuadraticEquation\06.QuadraticEquation.csproj", "{87593304-BD79-482B-8808-1B1DBFD49957}"
EndProject
Global
	GlobalSection(SolutionConfigurationPlatforms) = preSolution
		Debug|Any CPU = Debug|Any CPU
		Debug|ARM = Debug|ARM
		Debug|x64 = Debug|x64
		Debug|x86 = Debug|x86
		Release|Any CPU = Release|Any CPU
		Release|ARM = Release|ARM
		Release|x64 = Release|x64
		Release|x86 = Release|x86
	EndGlobalSection
	GlobalSection(ProjectConfigurationPlatforms) = postSolution
		{21998747-7E0E-40B2-83CA-7C5D6C6EE530}.Debug|Any CPU.ActiveCfg = Debug|Any CPU
		{21998747-7E0E-40B2-83CA-7C5D6C6EE530}.Debug|Any CPU.Build.0 = Debug|Any CPU
		{21998747-7E0E-40B2-83CA-7C5D6C6EE530}.Debug|ARM.ActiveCfg = Debug|Any CPU
		{21998747-7E0E-40B2-83CA-7C5D6C6EE530}.Debug|ARM.Build.0 = Debug|Any CPU
		{21998747-7E0E-40B2-83CA-7C5D6C6EE530}.Debug|x64.ActiveCfg = Debug|Any CPU
		{21998747-7E0E-40B2-83CA-7C5D6C6EE530}.Debug|x64.Build.0 = Debug|Any CPU
		{21998747-7E0E-40B2-83CA-7C5D6C6EE530}.Debug|x86.ActiveCfg = Debug|Any CPU
		{21998747-7E0E-40B2-83CA-7C5D6C6EE530}.Debug|x86.Build.0 = Debug|Any CPU
		{21998747-7E0E-40B2-83CA-7C5D6C6EE530}.Release|Any CPU.ActiveCfg = Release|Any CPU
		{21998747-7E0E-40B2-83CA-7C5D6C6EE530}.Release|Any CPU.Build.0 = Release|Any CPU
		{21998747-7E0E-40B2-83CA-7C5D6C6EE530}.Release|ARM.ActiveCfg = Release|Any CPU
		{21998747-7E0E-40B2-83CA-7C5D6C6EE530}.Release|ARM.Build.0 = Release|Any CPU
		{21998747-7E0E-40B2-83CA-7C5D6C6EE530}.Release|x64.ActiveCfg = Release|Any CPU
		{21998747-7E0E-40B2-83CA-7C5D6C6EE530}.Release|x64.Build.0 = Release|Any CPU
		{21998747-7E0E-40B2-83CA-7C5D6C6EE530}.Release|x86.ActiveCfg = Release|Any CPU
		{21998747-7E0E-40B2-83CA-7C5D6C6EE530}.Release|x86.Build.0 = Release|Any CPU
		{DE99D3E6-6FCF-4A08-9DC7-5394A64C5184}.Debug|Any CPU.ActiveCfg = Debug|Any CPU
		{DE99D3E6-6FCF-4A08-9DC7-5394A64C5184}.Debug|Any CPU.Build.0 = Debug|Any CPU
		{DE99D3E6-6FCF-4A08-9DC7-5394A64C5184}.Debug|ARM.ActiveCfg = Debug|Any CPU
		{DE99D3E6-6FCF-4A08-9DC7-5394A64C5184}.Debug|ARM.Build.0 = Debug|Any CPU
		{DE99D3E6-6FCF-4A08-9DC7-5394A64C5184}.Debug|x64.ActiveCfg = Debug|Any CPU
		{DE99D3E6-6FCF-4A08-9DC7-5394A64C5184}.Debug|x64.Build.0 = Debug|Any CPU
		{DE99D3E6-6FCF-4A08-9DC7-5394A64C5184}.Debug|x86.ActiveCfg = Debug|Any CPU
		{DE99D3E6-6FCF-4A08-9DC7-5394A64C5184}.Debug|x86.Build.0 = Debug|Any CPU
		{DE99D3E6-6FCF-4A08-9DC7-5394A64C5184}.Release|Any CPU.ActiveCfg = Release|Any CPU
		{DE99D3E6-6FCF-4A08-9DC7-5394A64C5184}.Release|Any CPU.Build.0 = Release|Any CPU
		{DE99D3E6-6FCF-4A08-9DC7-5394A64C5184}.Release|ARM.ActiveCfg = Release|Any CPU
		{DE99D3E6-6FCF-4A08-9DC7-5394A64C5184}.Release|ARM.Build.0 = Release|Any CPU
		{DE99D3E6-6FCF-4A08-9DC7-5394A64C5184}.Release|x64.ActiveCfg = Release|Any CPU
		{DE99D3E6-6FCF-4A08-9DC7-5394A64C5184}.Release|x64.Build.0 = Release|Any CPU
		{DE99D3E6-6FCF-4A08-9DC7-5394A64C5184}.Release|x86.ActiveCfg = Release|Any CPU
		{DE99D3E6-6FCF-4A08-9DC7-5394A64C5184}.Release|x86.Build.0 = Release|Any CPU
		{57B65718-4E1C-4B94-811D-2D9E027CFE45}.Debug|Any CPU.ActiveCfg = Debug|Any CPU
		{57B65718-4E1C-4B94-811D-2D9E027CFE45}.Debug|Any CPU.Build.0 = Debug|Any CPU
		{57B65718-4E1C-4B94-811D-2D9E027CFE45}.Debug|ARM.ActiveCfg = Debug|Any CPU
		{57B65718-4E1C-4B94-811D-2D9E027CFE45}.Debug|ARM.Build.0 = Debug|Any CPU
		{57B65718-4E1C-4B94-811D-2D9E027CFE45}.Debug|x64.ActiveCfg = Debug|Any CPU
		{57B65718-4E1C-4B94-811D-2D9E027CFE45}.Debug|x64.Build.0 = Debug|Any CPU
		{57B65718-4E1C-4B94-811D-2D9E027CFE45}.Debug|x86.ActiveCfg = Debug|Any CPU
		{57B65718-4E1C-4B94-811D-2D9E027CFE45}.Debug|x86.Build.0 = Debug|Any CPU
		{57B65718-4E1C-4B94-811D-2D9E027CFE45}.Release|Any CPU.ActiveCfg = Release|Any CPU
		{57B65718-4E1C-4B94-811D-2D9E027CFE45}.Release|Any CPU.Build.0 = Release|Any CPU
		{57B65718-4E1C-4B94-811D-2D9E027CFE45}.Release|ARM.ActiveCfg = Release|Any CPU
		{57B65718-4E1C-4B94-811D-2D9E027CFE45}.Release|ARM.Build.0 = Release|Any CPU
		{57B65718-4E1C-4B94-811D-2D9E027CFE45}.Release|x64.ActiveCfg = Release|Any CPU
		{57B65718-4E1C-4B94-811D-2D9E027CFE45}.Release|x64.Build.0 = Release|Any CPU
		{57B65718-4E1C-4B94-811D-2D9E027CFE45}.Release|x86.ActiveCfg = Release|Any CPU
		{57B65718-4E1C-4B94-811D-2D9E027CFE45}.Release|x86.Build.0 = Release|Any CPU
		{204EC7F6-3BEC-4284-BCD9-7C6144560409}.Debug|Any CPU.ActiveCfg = Debug|Any CPU
		{204EC7F6-3BEC-4284-BCD9-7C6144560409}.Debug|Any CPU.Build.0 = Debug|Any CPU
		{204EC7F6-3BEC-4284-BCD9-7C6144560409}.Debug|ARM.ActiveCfg = Debug|Any CPU
		{204EC7F6-3BEC-4284-BCD9-7C6144560409}.Debug|ARM.Build.0 = Debug|Any CPU
		{204EC7F6-3BEC-4284-BCD9-7C6144560409}.Debug|x64.ActiveCfg = Debug|Any CPU
		{204EC7F6-3BEC-4284-BCD9-7C6144560409}.Debug|x64.Build.0 = Debug|Any CPU
		{204EC7F6-3BEC-4284-BCD9-7C6144560409}.Debug|x86.ActiveCfg = Debug|Any CPU
		{204EC7F6-3BEC-4284-BCD9-7C6144560409}.Debug|x86.Build.0 = Debug|Any CPU
		{204EC7F6-3BEC-4284-BCD9-7C6144560409}.Release|Any CPU.ActiveCfg = Release|Any CPU
		{204EC7F6-3BEC-4284-BCD9-7C6144560409}.Release|Any CPU.Build.0 = Release|Any CPU
		{204EC7F6-3BEC-4284-BCD9-7C6144560409}.Release|ARM.ActiveCfg = Release|Any CPU
		{204EC7F6-3BEC-4284-BCD9-7C6144560409}.Release|ARM.Build.0 = Release|Any CPU
		{204EC7F6-3BEC-4284-BCD9-7C6144560409}.Release|x64.ActiveCfg = Release|Any CPU
		{204EC7F6-3BEC-4284-BCD9-7C6144560409}.Release|x64.Build.0 = Release|Any CPU
		{204EC7F6-3BEC-4284-BCD9-7C6144560409}.Release|x86.ActiveCfg = Release|Any CPU
		{204EC7F6-3BEC-4284-BCD9-7C6144560409}.Release|x86.Build.0 = Release|Any CPU
		{1DFB0FAF-B497-4353-84DE-341E3D3497AE}.Debug|Any CPU.ActiveCfg = Debug|Any CPU
		{1DFB0FAF-B497-4353-84DE-341E3D3497AE}.Debug|Any CPU.Build.0 = Debug|Any CPU
		{1DFB0FAF-B497-4353-84DE-341E3D3497AE}.Debug|ARM.ActiveCfg = Debug|Any CPU
		{1DFB0FAF-B497-4353-84DE-341E3D3497AE}.Debug|ARM.Build.0 = Debug|Any CPU
		{1DFB0FAF-B497-4353-84DE-341E3D3497AE}.Debug|x64.ActiveCfg = Debug|Any CPU
		{1DFB0FAF-B497-4353-84DE-341E3D3497AE}.Debug|x64.Build.0 = Debug|Any CPU
		{1DFB0FAF-B497-4353-84DE-341E3D3497AE}.Debug|x86.ActiveCfg = Debug|Any CPU
		{1DFB0FAF-B497-4353-84DE-341E3D3497AE}.Debug|x86.Build.0 = Debug|Any CPU
		{1DFB0FAF-B497-4353-84DE-341E3D3497AE}.Release|Any CPU.ActiveCfg = Release|Any CPU
		{1DFB0FAF-B497-4353-84DE-341E3D3497AE}.Release|Any CPU.Build.0 = Release|Any CPU
		{1DFB0FAF-B497-4353-84DE-341E3D3497AE}.Release|ARM.ActiveCfg = Release|Any CPU
		{1DFB0FAF-B497-4353-84DE-341E3D3497AE}.Release|ARM.Build.0 = Release|Any CPU
		{1DFB0FAF-B497-4353-84DE-341E3D3497AE}.Release|x64.ActiveCfg = Release|Any CPU
		{1DFB0FAF-B497-4353-84DE-341E3D3497AE}.Release|x64.Build.0 = Release|Any CPU
		{1DFB0FAF-B497-4353-84DE-341E3D3497AE}.Release|x86.ActiveCfg = Release|Any CPU
		{1DFB0FAF-B497-4353-84DE-341E3D3497AE}.Release|x86.Build.0 = Release|Any CPU
		{7208BA12-E457-45CF-A373-C520A9A0F534}.Debug|Any CPU.ActiveCfg = Debug|Any CPU
		{7208BA12-E457-45CF-A373-C520A9A0F534}.Debug|Any CPU.Build.0 = Debug|Any CPU
		{7208BA12-E457-45CF-A373-C520A9A0F534}.Debug|ARM.ActiveCfg = Debug|Any CPU
		{7208BA12-E457-45CF-A373-C520A9A0F534}.Debug|ARM.Build.0 = Debug|Any CPU
		{7208BA12-E457-45CF-A373-C520A9A0F534}.Debug|x64.ActiveCfg = Debug|Any CPU
		{7208BA12-E457-45CF-A373-C520A9A0F534}.Debug|x64.Build.0 = Debug|Any CPU
		{7208BA12-E457-45CF-A373-C520A9A0F534}.Debug|x86.ActiveCfg = Debug|Any CPU
		{7208BA12-E457-45CF-A373-C520A9A0F534}.Debug|x86.Build.0 = Debug|Any CPU
		{7208BA12-E457-45CF-A373-C520A9A0F534}.Release|Any CPU.ActiveCfg = Release|Any CPU
		{7208BA12-E457-45CF-A373-C520A9A0F534}.Release|Any CPU.Build.0 = Release|Any CPU
		{7208BA12-E457-45CF-A373-C520A9A0F534}.Release|ARM.ActiveCfg = Release|Any CPU
		{7208BA12-E457-45CF-A373-C520A9A0F534}.Release|ARM.Build.0 = Release|Any CPU
		{7208BA12-E457-45CF-A373-C520A9A0F534}.Release|x64.ActiveCfg = Release|Any CPU
		{7208BA12-E457-45CF-A373-C520A9A0F534}.Release|x64.Build.0 = Release|Any CPU
		{7208BA12-E457-45CF-A373-C520A9A0F534}.Release|x86.ActiveCfg = Release|Any CPU
		{7208BA12-E457-45CF-A373-C520A9A0F534}.Release|x86.Build.0 = Release|Any CPU
		{D125DC70-7529-4433-ACD4-7FEE9BF6DA91}.Debug|Any CPU.ActiveCfg = Debug|Any CPU
		{D125DC70-7529-4433-ACD4-7FEE9BF6DA91}.Debug|Any CPU.Build.0 = Debug|Any CPU
		{D125DC70-7529-4433-ACD4-7FEE9BF6DA91}.Debug|ARM.ActiveCfg = Debug|Any CPU
		{D125DC70-7529-4433-ACD4-7FEE9BF6DA91}.Debug|ARM.Build.0 = Debug|Any CPU
		{D125DC70-7529-4433-ACD4-7FEE9BF6DA91}.Debug|x64.ActiveCfg = Debug|Any CPU
		{D125DC70-7529-4433-ACD4-7FEE9BF6DA91}.Debug|x64.Build.0 = Debug|Any CPU
		{D125DC70-7529-4433-ACD4-7FEE9BF6DA91}.Debug|x86.ActiveCfg = Debug|Any CPU
		{D125DC70-7529-4433-ACD4-7FEE9BF6DA91}.Debug|x86.Build.0 = Debug|Any CPU
		{D125DC70-7529-4433-ACD4-7FEE9BF6DA91}.Release|Any CPU.ActiveCfg = Release|Any CPU
		{D125DC70-7529-4433-ACD4-7FEE9BF6DA91}.Release|Any CPU.Build.0 = Release|Any CPU
		{D125DC70-7529-4433-ACD4-7FEE9BF6DA91}.Release|ARM.ActiveCfg = Release|Any CPU
		{D125DC70-7529-4433-ACD4-7FEE9BF6DA91}.Release|ARM.Build.0 = Release|Any CPU
		{D125DC70-7529-4433-ACD4-7FEE9BF6DA91}.Release|x64.ActiveCfg = Release|Any CPU
		{D125DC70-7529-4433-ACD4-7FEE9BF6DA91}.Release|x64.Build.0 = Release|Any CPU
		{D125DC70-7529-4433-ACD4-7FEE9BF6DA91}.Release|x86.ActiveCfg = Release|Any CPU
		{D125DC70-7529-4433-ACD4-7FEE9BF6DA91}.Release|x86.Build.0 = Release|Any CPU
		{A0365AE7-3200-431C-A421-8F61F2B161FC}.Debug|Any CPU.ActiveCfg = Debug|Any CPU
		{A0365AE7-3200-431C-A421-8F61F2B161FC}.Debug|Any CPU.Build.0 = Debug|Any CPU
		{A0365AE7-3200-431C-A421-8F61F2B161FC}.Debug|ARM.ActiveCfg = Debug|Any CPU
		{A0365AE7-3200-431C-A421-8F61F2B161FC}.Debug|ARM.Build.0 = Debug|Any CPU
		{A0365AE7-3200-431C-A421-8F61F2B161FC}.Debug|x64.ActiveCfg = Debug|Any CPU
		{A0365AE7-3200-431C-A421-8F61F2B161FC}.Debug|x64.Build.0 = Debug|Any CPU
		{A0365AE7-3200-431C-A421-8F61F2B161FC}.Debug|x86.ActiveCfg = Debug|Any CPU
		{A0365AE7-3200-431C-A421-8F61F2B161FC}.Debug|x86.Build.0 = Debug|Any CPU
		{A0365AE7-3200-431C-A421-8F61F2B161FC}.Release|Any CPU.ActiveCfg = Release|Any CPU
		{A0365AE7-3200-431C-A421-8F61F2B161FC}.Release|Any CPU.Build.0 = Release|Any CPU
		{A0365AE7-3200-431C-A421-8F61F2B161FC}.Release|ARM.ActiveCfg = Release|Any CPU
		{A0365AE7-3200-431C-A421-8F61F2B161FC}.Release|ARM.Build.0 = Release|Any CPU
		{A0365AE7-3200-431C-A421-8F61F2B161FC}.Release|x64.ActiveCfg = Release|Any CPU
		{A0365AE7-3200-431C-A421-8F61F2B161FC}.Release|x64.Build.0 = Release|Any CPU
		{A0365AE7-3200-431C-A421-8F61F2B161FC}.Release|x86.ActiveCfg = Release|Any CPU
		{A0365AE7-3200-431C-A421-8F61F2B161FC}.Release|x86.Build.0 = Release|Any CPU
		{8564EBC9-2F60-4C3C-B622-43767A5F287B}.Debug|Any CPU.ActiveCfg = Debug|Any CPU
		{8564EBC9-2F60-4C3C-B622-43767A5F287B}.Debug|Any CPU.Build.0 = Debug|Any CPU
		{8564EBC9-2F60-4C3C-B622-43767A5F287B}.Debug|ARM.ActiveCfg = Debug|Any CPU
		{8564EBC9-2F60-4C3C-B622-43767A5F287B}.Debug|ARM.Build.0 = Debug|Any CPU
		{8564EBC9-2F60-4C3C-B622-43767A5F287B}.Debug|x64.ActiveCfg = Debug|Any CPU
		{8564EBC9-2F60-4C3C-B622-43767A5F287B}.Debug|x64.Build.0 = Debug|Any CPU
		{8564EBC9-2F60-4C3C-B622-43767A5F287B}.Debug|x86.ActiveCfg = Debug|Any CPU
		{8564EBC9-2F60-4C3C-B622-43767A5F287B}.Debug|x86.Build.0 = Debug|Any CPU
		{8564EBC9-2F60-4C3C-B622-43767A5F287B}.Release|Any CPU.ActiveCfg = Release|Any CPU
		{8564EBC9-2F60-4C3C-B622-43767A5F287B}.Release|Any CPU.Build.0 = Release|Any CPU
		{8564EBC9-2F60-4C3C-B622-43767A5F287B}.Release|ARM.ActiveCfg = Release|Any CPU
		{8564EBC9-2F60-4C3C-B622-43767A5F287B}.Release|ARM.Build.0 = Release|Any CPU
		{8564EBC9-2F60-4C3C-B622-43767A5F287B}.Release|x64.ActiveCfg = Release|Any CPU
		{8564EBC9-2F60-4C3C-B622-43767A5F287B}.Release|x64.Build.0 = Release|Any CPU
		{8564EBC9-2F60-4C3C-B622-43767A5F287B}.Release|x86.ActiveCfg = Release|Any CPU
		{8564EBC9-2F60-4C3C-B622-43767A5F287B}.Release|x86.Build.0 = Release|Any CPU
		{87593304-BD79-482B-8808-1B1DBFD49957}.Debug|Any CPU.ActiveCfg = Debug|Any CPU
		{87593304-BD79-482B-8808-1B1DBFD49957}.Debug|Any CPU.Build.0 = Debug|Any CPU
		{87593304-BD79-482B-8808-1B1DBFD49957}.Debug|ARM.ActiveCfg = Debug|Any CPU
		{87593304-BD79-482B-8808-1B1DBFD49957}.Debug|ARM.Build.0 = Debug|Any CPU
		{87593304-BD79-482B-8808-1B1DBFD49957}.Debug|x64.ActiveCfg = Debug|Any CPU
		{87593304-BD79-482B-8808-1B1DBFD49957}.Debug|x64.Build.0 = Debug|Any CPU
		{87593304-BD79-482B-8808-1B1DBFD49957}.Debug|x86.ActiveCfg = Debug|Any CPU
		{87593304-BD79-482B-8808-1B1DBFD49957}.Debug|x86.Build.0 = Debug|Any CPU
		{87593304-BD79-482B-8808-1B1DBFD49957}.Release|Any CPU.ActiveCfg = Release|Any CPU
		{87593304-BD79-482B-8808-1B1DBFD49957}.Release|Any CPU.Build.0 = Release|Any CPU
		{87593304-BD79-482B-8808-1B1DBFD49957}.Release|ARM.ActiveCfg = Release|Any CPU
		{87593304-BD79-482B-8808-1B1DBFD49957}.Release|ARM.Build.0 = Release|Any CPU
		{87593304-BD79-482B-8808-1B1DBFD49957}.Release|x64.ActiveCfg = Release|Any CPU
		{87593304-BD79-482B-8808-1B1DBFD49957}.Release|x64.Build.0 = Release|Any CPU
		{87593304-BD79-482B-8808-1B1DBFD49957}.Release|x86.ActiveCfg = Release|Any CPU
		{87593304-BD79-482B-8808-1B1DBFD49957}.Release|x86.Build.0 = Release|Any CPU
	EndGlobalSection
	GlobalSection(SolutionProperties) = preSolution
		HideSolutionNode = FALSE
	EndGlobalSection
EndGlobal
