
Microsoft Visual Studio Solution File, Format Version 12.00
# Visual Studio 14
VisualStudioVersion = 14.0.24720.0
MinimumVisualStudioVersion = 10.0.40219.1
Project("{FAE04EC0-301F-11D3-BF4B-00C04F79EFBC}") = "02.ReverseString", "02.ReverseString\02.ReverseString.csproj", "{1197D188-7A7F-4772-8B43-AF221E412B76}"
EndProject
Project("{FAE04EC0-301F-11D3-BF4B-00C04F79EFBC}") = "03.CorrectBrackets", "03.CorrectBrackets\03.CorrectBrackets.csproj", "{A82B38DC-5F9E-4E71-9FDB-D1B3A5F1AC31}"
EndProject
Project("{FAE04EC0-301F-11D3-BF4B-00C04F79EFBC}") = "06.StringLength", "06.StringLength\06.StringLength.csproj", "{7DCBD8A9-8B39-4EE4-8E45-F27C793A0ED8}"
EndProject
Project("{FAE04EC0-301F-11D3-BF4B-00C04F79EFBC}") = "23.SeriesOfLetters", "23.SeriesOfLetters\23.SeriesOfLetters.csproj", "{6F19C50F-6FC8-43EC-B8A1-F1E7D9A35C07}"
EndProject
Global
	GlobalSection(SolutionConfigurationPlatforms) = preSolution
		Debug|Any CPU = Debug|Any CPU
		Release|Any CPU = Release|Any CPU
	EndGlobalSection
	GlobalSection(ProjectConfigurationPlatforms) = postSolution
		{1197D188-7A7F-4772-8B43-AF221E412B76}.Debug|Any CPU.ActiveCfg = Debug|Any CPU
		{1197D188-7A7F-4772-8B43-AF221E412B76}.Debug|Any CPU.Build.0 = Debug|Any CPU
		{1197D188-7A7F-4772-8B43-AF221E412B76}.Release|Any CPU.ActiveCfg = Release|Any CPU
		{1197D188-7A7F-4772-8B43-AF221E412B76}.Release|Any CPU.Build.0 = Release|Any CPU
		{A82B38DC-5F9E-4E71-9FDB-D1B3A5F1AC31}.Debug|Any CPU.ActiveCfg = Debug|Any CPU
		{A82B38DC-5F9E-4E71-9FDB-D1B3A5F1AC31}.Debug|Any CPU.Build.0 = Debug|Any CPU
		{A82B38DC-5F9E-4E71-9FDB-D1B3A5F1AC31}.Release|Any CPU.ActiveCfg = Release|Any CPU
		{A82B38DC-5F9E-4E71-9FDB-D1B3A5F1AC31}.Release|Any CPU.Build.0 = Release|Any CPU
		{7DCBD8A9-8B39-4EE4-8E45-F27C793A0ED8}.Debug|Any CPU.ActiveCfg = Debug|Any CPU
		{7DCBD8A9-8B39-4EE4-8E45-F27C793A0ED8}.Debug|Any CPU.Build.0 = Debug|Any CPU
		{7DCBD8A9-8B39-4EE4-8E45-F27C793A0ED8}.Release|Any CPU.ActiveCfg = Release|Any CPU
		{7DCBD8A9-8B39-4EE4-8E45-F27C793A0ED8}.Release|Any CPU.Build.0 = Release|Any CPU
		{6F19C50F-6FC8-43EC-B8A1-F1E7D9A35C07}.Debug|Any CPU.ActiveCfg = Debug|Any CPU
		{6F19C50F-6FC8-43EC-B8A1-F1E7D9A35C07}.Debug|Any CPU.Build.0 = Debug|Any CPU
		{6F19C50F-6FC8-43EC-B8A1-F1E7D9A35C07}.Release|Any CPU.ActiveCfg = Release|Any CPU
		{6F19C50F-6FC8-43EC-B8A1-F1E7D9A35C07}.Release|Any CPU.Build.0 = Release|Any CPU
	EndGlobalSection
	GlobalSection(SolutionProperties) = preSolution
		HideSolutionNode = FALSE
	EndGlobalSection
EndGlobal
